lockfileVersion: '6.0'

settings:
  autoInstallPeers: true
  excludeLinksFromLockfile: false

dependencies:
  '@tauri-apps/api':
    specifier: '>=2.0.0-beta.0'
    version: 2.0.0-beta.7
  '@tauri-apps/plugin-dialog':
    specifier: 2.0.0-beta.2
    version: 2.0.0-beta.2
  '@tauri-apps/plugin-log':
    specifier: 2.0.0-beta.2
    version: 2.0.0-beta.2
  '@tauri-apps/plugin-shell':
    specifier: '>=2.0.0-beta.0'
    version: 2.0.0-beta.2

devDependencies:
  '@tauri-apps/cli':
    specifier: '>=2.0.0-beta.0'
    version: 2.0.0-beta.12
  internal-ip:
    specifier: ^7.0.0
    version: 7.0.0
  typescript:
    specifier: ^5.0.2
    version: 5.4.4
  vite:
    specifier: ^5.0.0
    version: 5.2.8

packages:

  /@esbuild/aix-ppc64@0.20.2:
    resolution: {integrity: sha512-D+EBOJHXdNZcLJRBkhENNG8Wji2kgc9AZ9KiPr1JuZjsNtyHzrsfLRrY0tk2H2aoFu6RANO1y1iPPUCDYWkb5g==}
    engines: {node: '>=12'}
    cpu: [ppc64]
    os: [aix]
    requiresBuild: true
    dev: true
    optional: true

  /@esbuild/android-arm64@0.20.2:
    resolution: {integrity: sha512-mRzjLacRtl/tWU0SvD8lUEwb61yP9cqQo6noDZP/O8VkwafSYwZ4yWy24kan8jE/IMERpYncRt2dw438LP3Xmg==}
    engines: {node: '>=12'}
    cpu: [arm64]
    os: [android]
    requiresBuild: true
    dev: true
    optional: true

  /@esbuild/android-arm@0.20.2:
    resolution: {integrity: sha512-t98Ra6pw2VaDhqNWO2Oph2LXbz/EJcnLmKLGBJwEwXX/JAN83Fym1rU8l0JUWK6HkIbWONCSSatf4sf2NBRx/w==}
    engines: {node: '>=12'}
    cpu: [arm]
    os: [android]
    requiresBuild: true
    dev: true
    optional: true

  /@esbuild/android-x64@0.20.2:
    resolution: {integrity: sha512-btzExgV+/lMGDDa194CcUQm53ncxzeBrWJcncOBxuC6ndBkKxnHdFJn86mCIgTELsooUmwUm9FkhSp5HYu00Rg==}
    engines: {node: '>=12'}
    cpu: [x64]
    os: [android]
    requiresBuild: true
    dev: true
    optional: true

  /@esbuild/darwin-arm64@0.20.2:
    resolution: {integrity: sha512-4J6IRT+10J3aJH3l1yzEg9y3wkTDgDk7TSDFX+wKFiWjqWp/iCfLIYzGyasx9l0SAFPT1HwSCR+0w/h1ES/MjA==}
    engines: {node: '>=12'}
    cpu: [arm64]
    os: [darwin]
    requiresBuild: true
    dev: true
    optional: true

  /@esbuild/darwin-x64@0.20.2:
    resolution: {integrity: sha512-tBcXp9KNphnNH0dfhv8KYkZhjc+H3XBkF5DKtswJblV7KlT9EI2+jeA8DgBjp908WEuYll6pF+UStUCfEpdysA==}
    engines: {node: '>=12'}
    cpu: [x64]
    os: [darwin]
    requiresBuild: true
    dev: true
    optional: true

  /@esbuild/freebsd-arm64@0.20.2:
    resolution: {integrity: sha512-d3qI41G4SuLiCGCFGUrKsSeTXyWG6yem1KcGZVS+3FYlYhtNoNgYrWcvkOoaqMhwXSMrZRl69ArHsGJ9mYdbbw==}
    engines: {node: '>=12'}
    cpu: [arm64]
    os: [freebsd]
    requiresBuild: true
    dev: true
    optional: true

  /@esbuild/freebsd-x64@0.20.2:
    resolution: {integrity: sha512-d+DipyvHRuqEeM5zDivKV1KuXn9WeRX6vqSqIDgwIfPQtwMP4jaDsQsDncjTDDsExT4lR/91OLjRo8bmC1e+Cw==}
    engines: {node: '>=12'}
    cpu: [x64]
    os: [freebsd]
    requiresBuild: true
    dev: true
    optional: true

  /@esbuild/linux-arm64@0.20.2:
    resolution: {integrity: sha512-9pb6rBjGvTFNira2FLIWqDk/uaf42sSyLE8j1rnUpuzsODBq7FvpwHYZxQ/It/8b+QOS1RYfqgGFNLRI+qlq2A==}
    engines: {node: '>=12'}
    cpu: [arm64]
    os: [linux]
    requiresBuild: true
    dev: true
    optional: true

  /@esbuild/linux-arm@0.20.2:
    resolution: {integrity: sha512-VhLPeR8HTMPccbuWWcEUD1Az68TqaTYyj6nfE4QByZIQEQVWBB8vup8PpR7y1QHL3CpcF6xd5WVBU/+SBEvGTg==}
    engines: {node: '>=12'}
    cpu: [arm]
    os: [linux]
    requiresBuild: true
    dev: true
    optional: true

  /@esbuild/linux-ia32@0.20.2:
    resolution: {integrity: sha512-o10utieEkNPFDZFQm9CoP7Tvb33UutoJqg3qKf1PWVeeJhJw0Q347PxMvBgVVFgouYLGIhFYG0UGdBumROyiig==}
    engines: {node: '>=12'}
    cpu: [ia32]
    os: [linux]
    requiresBuild: true
    dev: true
    optional: true

  /@esbuild/linux-loong64@0.20.2:
    resolution: {integrity: sha512-PR7sp6R/UC4CFVomVINKJ80pMFlfDfMQMYynX7t1tNTeivQ6XdX5r2XovMmha/VjR1YN/HgHWsVcTRIMkymrgQ==}
    engines: {node: '>=12'}
    cpu: [loong64]
    os: [linux]
    requiresBuild: true
    dev: true
    optional: true

  /@esbuild/linux-mips64el@0.20.2:
    resolution: {integrity: sha512-4BlTqeutE/KnOiTG5Y6Sb/Hw6hsBOZapOVF6njAESHInhlQAghVVZL1ZpIctBOoTFbQyGW+LsVYZ8lSSB3wkjA==}
    engines: {node: '>=12'}
    cpu: [mips64el]
    os: [linux]
    requiresBuild: true
    dev: true
    optional: true

  /@esbuild/linux-ppc64@0.20.2:
    resolution: {integrity: sha512-rD3KsaDprDcfajSKdn25ooz5J5/fWBylaaXkuotBDGnMnDP1Uv5DLAN/45qfnf3JDYyJv/ytGHQaziHUdyzaAg==}
    engines: {node: '>=12'}
    cpu: [ppc64]
    os: [linux]
    requiresBuild: true
    dev: true
    optional: true

  /@esbuild/linux-riscv64@0.20.2:
    resolution: {integrity: sha512-snwmBKacKmwTMmhLlz/3aH1Q9T8v45bKYGE3j26TsaOVtjIag4wLfWSiZykXzXuE1kbCE+zJRmwp+ZbIHinnVg==}
    engines: {node: '>=12'}
    cpu: [riscv64]
    os: [linux]
    requiresBuild: true
    dev: true
    optional: true

  /@esbuild/linux-s390x@0.20.2:
    resolution: {integrity: sha512-wcWISOobRWNm3cezm5HOZcYz1sKoHLd8VL1dl309DiixxVFoFe/o8HnwuIwn6sXre88Nwj+VwZUvJf4AFxkyrQ==}
    engines: {node: '>=12'}
    cpu: [s390x]
    os: [linux]
    requiresBuild: true
    dev: true
    optional: true

  /@esbuild/linux-x64@0.20.2:
    resolution: {integrity: sha512-1MdwI6OOTsfQfek8sLwgyjOXAu+wKhLEoaOLTjbijk6E2WONYpH9ZU2mNtR+lZ2B4uwr+usqGuVfFT9tMtGvGw==}
    engines: {node: '>=12'}
    cpu: [x64]
    os: [linux]
    requiresBuild: true
    dev: true
    optional: true

  /@esbuild/netbsd-x64@0.20.2:
    resolution: {integrity: sha512-K8/DhBxcVQkzYc43yJXDSyjlFeHQJBiowJ0uVL6Tor3jGQfSGHNNJcWxNbOI8v5k82prYqzPuwkzHt3J1T1iZQ==}
    engines: {node: '>=12'}
    cpu: [x64]
    os: [netbsd]
    requiresBuild: true
    dev: true
    optional: true

  /@esbuild/openbsd-x64@0.20.2:
    resolution: {integrity: sha512-eMpKlV0SThJmmJgiVyN9jTPJ2VBPquf6Kt/nAoo6DgHAoN57K15ZghiHaMvqjCye/uU4X5u3YSMgVBI1h3vKrQ==}
    engines: {node: '>=12'}
    cpu: [x64]
    os: [openbsd]
    requiresBuild: true
    dev: true
    optional: true

  /@esbuild/sunos-x64@0.20.2:
    resolution: {integrity: sha512-2UyFtRC6cXLyejf/YEld4Hajo7UHILetzE1vsRcGL3earZEW77JxrFjH4Ez2qaTiEfMgAXxfAZCm1fvM/G/o8w==}
    engines: {node: '>=12'}
    cpu: [x64]
    os: [sunos]
    requiresBuild: true
    dev: true
    optional: true

  /@esbuild/win32-arm64@0.20.2:
    resolution: {integrity: sha512-GRibxoawM9ZCnDxnP3usoUDO9vUkpAxIIZ6GQI+IlVmr5kP3zUq+l17xELTHMWTWzjxa2guPNyrpq1GWmPvcGQ==}
    engines: {node: '>=12'}
    cpu: [arm64]
    os: [win32]
    requiresBuild: true
    dev: true
    optional: true

  /@esbuild/win32-ia32@0.20.2:
    resolution: {integrity: sha512-HfLOfn9YWmkSKRQqovpnITazdtquEW8/SoHW7pWpuEeguaZI4QnCRW6b+oZTztdBnZOS2hqJ6im/D5cPzBTTlQ==}
    engines: {node: '>=12'}
    cpu: [ia32]
    os: [win32]
    requiresBuild: true
    dev: true
    optional: true

  /@esbuild/win32-x64@0.20.2:
    resolution: {integrity: sha512-N49X4lJX27+l9jbLKSqZ6bKNjzQvHaT8IIFUy+YIqmXQdjYCToGWwOItDrfby14c78aDd5NHQl29xingXfCdLQ==}
    engines: {node: '>=12'}
    cpu: [x64]
    os: [win32]
    requiresBuild: true
    dev: true
    optional: true

  /@rollup/rollup-android-arm-eabi@4.14.0:
    resolution: {integrity: sha512-jwXtxYbRt1V+CdQSy6Z+uZti7JF5irRKF8hlKfEnF/xJpcNGuuiZMBvuoYM+x9sr9iWGnzrlM0+9hvQ1kgkf1w==}
    cpu: [arm]
    os: [android]
    requiresBuild: true
    dev: true
    optional: true

  /@rollup/rollup-android-arm64@4.14.0:
    resolution: {integrity: sha512-fI9nduZhCccjzlsA/OuAwtFGWocxA4gqXGTLvOyiF8d+8o0fZUeSztixkYjcGq1fGZY3Tkq4yRvHPFxU+jdZ9Q==}
    cpu: [arm64]
    os: [android]
    requiresBuild: true
    dev: true
    optional: true

  /@rollup/rollup-darwin-arm64@4.14.0:
    resolution: {integrity: sha512-BcnSPRM76/cD2gQC+rQNGBN6GStBs2pl/FpweW8JYuz5J/IEa0Fr4AtrPv766DB/6b2MZ/AfSIOSGw3nEIP8SA==}
    cpu: [arm64]
    os: [darwin]
    requiresBuild: true
    dev: true
    optional: true

  /@rollup/rollup-darwin-x64@4.14.0:
    resolution: {integrity: sha512-LDyFB9GRolGN7XI6955aFeI3wCdCUszFWumWU0deHA8VpR3nWRrjG6GtGjBrQxQKFevnUTHKCfPR4IvrW3kCgQ==}
    cpu: [x64]
    os: [darwin]
    requiresBuild: true
    dev: true
    optional: true

  /@rollup/rollup-linux-arm-gnueabihf@4.14.0:
    resolution: {integrity: sha512-ygrGVhQP47mRh0AAD0zl6QqCbNsf0eTo+vgwkY6LunBcg0f2Jv365GXlDUECIyoXp1kKwL5WW6rsO429DBY/bA==}
    cpu: [arm]
    os: [linux]
    requiresBuild: true
    dev: true
    optional: true

  /@rollup/rollup-linux-arm64-gnu@4.14.0:
    resolution: {integrity: sha512-x+uJ6MAYRlHGe9wi4HQjxpaKHPM3d3JjqqCkeC5gpnnI6OWovLdXTpfa8trjxPLnWKyBsSi5kne+146GAxFt4A==}
    cpu: [arm64]
    os: [linux]
    requiresBuild: true
    dev: true
    optional: true

  /@rollup/rollup-linux-arm64-musl@4.14.0:
    resolution: {integrity: sha512-nrRw8ZTQKg6+Lttwqo6a2VxR9tOroa2m91XbdQ2sUUzHoedXlsyvY1fN4xWdqz8PKmf4orDwejxXHjh7YBGUCA==}
    cpu: [arm64]
    os: [linux]
    requiresBuild: true
    dev: true
    optional: true

  /@rollup/rollup-linux-powerpc64le-gnu@4.14.0:
    resolution: {integrity: sha512-xV0d5jDb4aFu84XKr+lcUJ9y3qpIWhttO3Qev97z8DKLXR62LC3cXT/bMZXrjLF9X+P5oSmJTzAhqwUbY96PnA==}
    cpu: [ppc64le]
    os: [linux]
    requiresBuild: true
    dev: true
    optional: true

  /@rollup/rollup-linux-riscv64-gnu@4.14.0:
    resolution: {integrity: sha512-SDDhBQwZX6LPRoPYjAZWyL27LbcBo7WdBFWJi5PI9RPCzU8ijzkQn7tt8NXiXRiFMJCVpkuMkBf4OxSxVMizAw==}
    cpu: [riscv64]
    os: [linux]
    requiresBuild: true
    dev: true
    optional: true

  /@rollup/rollup-linux-s390x-gnu@4.14.0:
    resolution: {integrity: sha512-RxB/qez8zIDshNJDufYlTT0ZTVut5eCpAZ3bdXDU9yTxBzui3KhbGjROK2OYTTor7alM7XBhssgoO3CZ0XD3qA==}
    cpu: [s390x]
    os: [linux]
    requiresBuild: true
    dev: true
    optional: true

  /@rollup/rollup-linux-x64-gnu@4.14.0:
    resolution: {integrity: sha512-C6y6z2eCNCfhZxT9u+jAM2Fup89ZjiG5pIzZIDycs1IwESviLxwkQcFRGLjnDrP+PT+v5i4YFvlcfAs+LnreXg==}
    cpu: [x64]
    os: [linux]
    requiresBuild: true
    dev: true
    optional: true

  /@rollup/rollup-linux-x64-musl@4.14.0:
    resolution: {integrity: sha512-i0QwbHYfnOMYsBEyjxcwGu5SMIi9sImDVjDg087hpzXqhBSosxkE7gyIYFHgfFl4mr7RrXksIBZ4DoLoP4FhJg==}
    cpu: [x64]
    os: [linux]
    requiresBuild: true
    dev: true
    optional: true

  /@rollup/rollup-win32-arm64-msvc@4.14.0:
    resolution: {integrity: sha512-Fq52EYb0riNHLBTAcL0cun+rRwyZ10S9vKzhGKKgeD+XbwunszSY0rVMco5KbOsTlwovP2rTOkiII/fQ4ih/zQ==}
    cpu: [arm64]
    os: [win32]
    requiresBuild: true
    dev: true
    optional: true

  /@rollup/rollup-win32-ia32-msvc@4.14.0:
    resolution: {integrity: sha512-e/PBHxPdJ00O9p5Ui43+vixSgVf4NlLsmV6QneGERJ3lnjIua/kim6PRFe3iDueT1rQcgSkYP8ZBBXa/h4iPvw==}
    cpu: [ia32]
    os: [win32]
    requiresBuild: true
    dev: true
    optional: true

  /@rollup/rollup-win32-x64-msvc@4.14.0:
    resolution: {integrity: sha512-aGg7iToJjdklmxlUlJh/PaPNa4PmqHfyRMLunbL3eaMO0gp656+q1zOKkpJ/CVe9CryJv6tAN1HDoR8cNGzkag==}
    cpu: [x64]
    os: [win32]
    requiresBuild: true
    dev: true
    optional: true

  /@tauri-apps/api@2.0.0-beta.4:
    resolution: {integrity: sha512-Nxtj28NYUo5iwYkpYslxmOPkdI2WkELU2e3UH9nbJm9Ydki2CQwJVGQxx4EANtdZcMNsEsUzRqaDTvEUYH1l6w==}
    engines: {node: '>= 18', npm: '>= 6.6.0', yarn: '>= 1.19.1'}
    dev: false

  /@tauri-apps/api@2.0.0-beta.7:
    resolution: {integrity: sha512-cM7SJQP4DBkLLMOdybLFYUURWn/tng2FEdAnXlu42f3NhFxKL4KVeeQTkuwlgC7ePwwwvDSqiXGiF+dKOadY7w==}
    engines: {node: '>= 18', npm: '>= 6.6.0', yarn: '>= 1.19.1'}
    dev: false

  /@tauri-apps/cli-darwin-arm64@2.0.0-beta.12:
    resolution: {integrity: sha512-+Ksrxc4QQE1R62OreCybM8PNnF090qhf+ZeRZTZ9JxOujz4Tq/RiE1vC5nRlDu+Cd3pL63fZ2TsANj2PnpN+qw==}
    engines: {node: '>= 10'}
    cpu: [arm64]
    os: [darwin]
    requiresBuild: true
    dev: true
    optional: true

  /@tauri-apps/cli-darwin-x64@2.0.0-beta.12:
    resolution: {integrity: sha512-KEkcJp7jfWMEiRFTJ3/yJhy8EFwgJPNGnNYjKTD5CAba9wMexxs23U7YLAWdSNrbSgPAox0pBqXaSj6p2HH0Wg==}
    engines: {node: '>= 10'}
    cpu: [x64]
    os: [darwin]
    requiresBuild: true
    dev: true
    optional: true

  /@tauri-apps/cli-linux-arm-gnueabihf@2.0.0-beta.12:
    resolution: {integrity: sha512-EUDen1XNF/WfG5hjTZ6P/8IcpYPFm2Ox/FwlBPlePKZJrc+/3IveME/oyC3wrloscodV41yL2ise4SZuJtNAHA==}
    engines: {node: '>= 10'}
    cpu: [arm]
    os: [linux]
    requiresBuild: true
    dev: true
    optional: true

  /@tauri-apps/cli-linux-arm64-gnu@2.0.0-beta.12:
    resolution: {integrity: sha512-VUhCBB6kaQmi7MyXTRccqemmz7s5n15Z718OIW1n6wI68oh0IsvC9KsrbDfgOLZVG6RXzmtzyXwnaIFQAgl+Cg==}
    engines: {node: '>= 10'}
    cpu: [arm64]
    os: [linux]
    requiresBuild: true
    dev: true
    optional: true

  /@tauri-apps/cli-linux-arm64-musl@2.0.0-beta.12:
    resolution: {integrity: sha512-eus/fGCQZPcvwEa2HH2TJh1Xb2FeeVrnxL6lQseLPkgD7Wcu5mWz07AlLCMDOreUobb5vyOmm0L7d1HMIPrvEQ==}
    engines: {node: '>= 10'}
    cpu: [arm64]
    os: [linux]
    requiresBuild: true
    dev: true
    optional: true

  /@tauri-apps/cli-linux-x64-gnu@2.0.0-beta.12:
    resolution: {integrity: sha512-C4SkDnjuhFSdSgsK8KNRj2b/oe/j1vrvI8+ZxUj+/o1jK71A2eiCN8pJlyMZYCN8wZUksGazxaFz62g0jceAEg==}
    engines: {node: '>= 10'}
    cpu: [x64]
    os: [linux]
    requiresBuild: true
    dev: true
    optional: true

  /@tauri-apps/cli-linux-x64-musl@2.0.0-beta.12:
    resolution: {integrity: sha512-V8NlJ8wgNcMfKTGOubgfjRyyJVQsZxpOZkGjdfn/YK0UNdOC6iLuqxIki47hbnoJMqvuxa37lr7Z1JVawOMUyw==}
    engines: {node: '>= 10'}
    cpu: [x64]
    os: [linux]
    requiresBuild: true
    dev: true
    optional: true

  /@tauri-apps/cli-win32-arm64-msvc@2.0.0-beta.12:
    resolution: {integrity: sha512-dIsE5U4JRoVImW0PX9K82/dMjwugqc3DmgKbFKLYXgTFmSNaTNdojI/5VOPmbOIMJ8BNGDF8sjS80I0PZuEqvw==}
    engines: {node: '>= 10'}
    cpu: [arm64]
    os: [win32]
    requiresBuild: true
    dev: true
    optional: true

  /@tauri-apps/cli-win32-ia32-msvc@2.0.0-beta.12:
    resolution: {integrity: sha512-vTNrGzVV/LclD+4u+IOOwl1Ia2CqwZYK6AmMLp0ROLzbSn/9ROJJYe47V5VAZrnMjThEdb9fRL0FPYPk9yDaNA==}
    engines: {node: '>= 10'}
    cpu: [ia32]
    os: [win32]
    requiresBuild: true
    dev: true
    optional: true

  /@tauri-apps/cli-win32-x64-msvc@2.0.0-beta.12:
    resolution: {integrity: sha512-Z/++lJ1FraoN1ZaNxYuCynNm7SyEGC+yd/adYQvhaQyudZa5HW/8eFkLx8FRcIQkEkSqLBkHf9VpwjnTDBVlwQ==}
    engines: {node: '>= 10'}
    cpu: [x64]
    os: [win32]
    requiresBuild: true
    dev: true
    optional: true

  /@tauri-apps/cli@2.0.0-beta.12:
    resolution: {integrity: sha512-MFh4Z093O+PXWI6KFR8E2zIOgpJ4zL8waDhFXVQgBpqiD4ieiqywjmbmNIWkVqYBGAia7ZI0juxpkZSyXT4f1A==}
    engines: {node: '>= 10'}
    hasBin: true
    optionalDependencies:
      '@tauri-apps/cli-darwin-arm64': 2.0.0-beta.12
      '@tauri-apps/cli-darwin-x64': 2.0.0-beta.12
      '@tauri-apps/cli-linux-arm-gnueabihf': 2.0.0-beta.12
      '@tauri-apps/cli-linux-arm64-gnu': 2.0.0-beta.12
      '@tauri-apps/cli-linux-arm64-musl': 2.0.0-beta.12
      '@tauri-apps/cli-linux-x64-gnu': 2.0.0-beta.12
      '@tauri-apps/cli-linux-x64-musl': 2.0.0-beta.12
      '@tauri-apps/cli-win32-arm64-msvc': 2.0.0-beta.12
      '@tauri-apps/cli-win32-ia32-msvc': 2.0.0-beta.12
      '@tauri-apps/cli-win32-x64-msvc': 2.0.0-beta.12
    dev: true

  /@tauri-apps/plugin-dialog@2.0.0-beta.2:
    resolution: {integrity: sha512-WugTn/8d5jYA0GL1JRIJgA1OSxG0h2V4PSZZzehgA3v7rPlIU6w9s2+dSRqj55aMj6hm3Az9YbQqC18nuaHkpw==}
    dependencies:
      '@tauri-apps/api': 2.0.0-beta.4
    dev: false

  /@tauri-apps/plugin-log@2.0.0-beta.2:
    resolution: {integrity: sha512-UiHQ5uMocYKRo+YbMd7L+SY4JD4wWWWtp+y/+RrUDzrXozISinPZEoEJHTuOJ0oXC4YLB7zyiY38sTzXeDa+HA==}
    dependencies:
      '@tauri-apps/api': 2.0.0-beta.4
    dev: false

  /@tauri-apps/plugin-shell@2.0.0-beta.2:
    resolution: {integrity: sha512-9rWsfN7Wt+EuWmpmNnK8bCs+04fzhEYrHtWyLIAYxb9diFdcJrEoctCP9YM2v+Uf8/y8qFC7VCbZ/9VQHANymQ==}
    dependencies:
      '@tauri-apps/api': 2.0.0-beta.4
    dev: false

  /@types/estree@1.0.5:
    resolution: {integrity: sha512-/kYRxGDLWzHOB7q+wtSUQlFrtcdUccpfy+X+9iMBpHK8QLLhx2wIPYuS5DYtR9Wa/YlZAbIovy7qVdB1Aq6Lyw==}
    dev: true

  /cross-spawn@7.0.3:
    resolution: {integrity: sha512-iRDPJKUPVEND7dHPO8rkbOnPpyDygcDFtWjpeWNCgy8WP2rXcxXL8TskReQl6OrB2G7+UJrags1q15Fudc7G6w==}
    engines: {node: '>= 8'}
    dependencies:
      path-key: 3.1.1
      shebang-command: 2.0.0
      which: 2.0.2
    dev: true

  /default-gateway@6.0.3:
    resolution: {integrity: sha512-fwSOJsbbNzZ/CUFpqFBqYfYNLj1NbMPm8MMCIzHjC83iSJRBEGmDUxU+WP661BaBQImeC2yHwXtz+P/O9o+XEg==}
    engines: {node: '>= 10'}
    dependencies:
      execa: 5.1.1
    dev: true

  /esbuild@0.20.2:
    resolution: {integrity: sha512-WdOOppmUNU+IbZ0PaDiTst80zjnrOkyJNHoKupIcVyU8Lvla3Ugx94VzkQ32Ijqd7UhHJy75gNWDMUekcrSJ6g==}
    engines: {node: '>=12'}
    hasBin: true
    requiresBuild: true
    optionalDependencies:
      '@esbuild/aix-ppc64': 0.20.2
      '@esbuild/android-arm': 0.20.2
      '@esbuild/android-arm64': 0.20.2
      '@esbuild/android-x64': 0.20.2
      '@esbuild/darwin-arm64': 0.20.2
      '@esbuild/darwin-x64': 0.20.2
      '@esbuild/freebsd-arm64': 0.20.2
      '@esbuild/freebsd-x64': 0.20.2
      '@esbuild/linux-arm': 0.20.2
      '@esbuild/linux-arm64': 0.20.2
      '@esbuild/linux-ia32': 0.20.2
      '@esbuild/linux-loong64': 0.20.2
      '@esbuild/linux-mips64el': 0.20.2
      '@esbuild/linux-ppc64': 0.20.2
      '@esbuild/linux-riscv64': 0.20.2
      '@esbuild/linux-s390x': 0.20.2
      '@esbuild/linux-x64': 0.20.2
      '@esbuild/netbsd-x64': 0.20.2
      '@esbuild/openbsd-x64': 0.20.2
      '@esbuild/sunos-x64': 0.20.2
      '@esbuild/win32-arm64': 0.20.2
      '@esbuild/win32-ia32': 0.20.2
      '@esbuild/win32-x64': 0.20.2
    dev: true

  /execa@5.1.1:
    resolution: {integrity: sha512-8uSpZZocAZRBAPIEINJj3Lo9HyGitllczc27Eh5YYojjMFMn8yHMDMaUHE2Jqfq05D/wucwI4JGURyXt1vchyg==}
    engines: {node: '>=10'}
    dependencies:
      cross-spawn: 7.0.3
      get-stream: 6.0.1
      human-signals: 2.1.0
      is-stream: 2.0.1
      merge-stream: 2.0.0
      npm-run-path: 4.0.1
      onetime: 5.1.2
      signal-exit: 3.0.7
      strip-final-newline: 2.0.0
    dev: true

  /fsevents@2.3.3:
    resolution: {integrity: sha512-5xoDfX+fL7faATnagmWPpbFtwh/R77WmMMqqHGS65C3vvB0YHrgF+B1YmZ3441tMj5n63k0212XNoJwzlhffQw==}
    engines: {node: ^8.16.0 || ^10.6.0 || >=11.0.0}
    os: [darwin]
    requiresBuild: true
    dev: true
    optional: true

  /get-stream@6.0.1:
    resolution: {integrity: sha512-ts6Wi+2j3jQjqi70w5AlN8DFnkSwC+MqmxEzdEALB2qXZYV3X/b1CTfgPLGJNMeAWxdPfU8FO1ms3NUfaHCPYg==}
    engines: {node: '>=10'}
    dev: true

  /human-signals@2.1.0:
    resolution: {integrity: sha512-B4FFZ6q/T2jhhksgkbEW3HBvWIfDW85snkQgawt07S7J5QXTk6BkNV+0yAeZrM5QpMAdYlocGoljn0sJ/WQkFw==}
    engines: {node: '>=10.17.0'}
    dev: true

  /internal-ip@7.0.0:
    resolution: {integrity: sha512-qE4TeD4brqC45Vq/+VASeMiS1KRyfBkR6HT2sh9pZVVCzSjPkaCEfKFU+dL0PRv7NHJtvoKN2r82G6wTfzorkw==}
    engines: {node: ^12.20.0 || ^14.13.1 || >=16.0.0}
    dependencies:
      default-gateway: 6.0.3
      ipaddr.js: 2.1.0
      is-ip: 3.1.0
      p-event: 4.2.0
    dev: true

  /ip-regex@4.3.0:
    resolution: {integrity: sha512-B9ZWJxHHOHUhUjCPrMpLD4xEq35bUTClHM1S6CBU5ixQnkZmwipwgc96vAd7AAGM9TGHvJR+Uss+/Ak6UphK+Q==}
    engines: {node: '>=8'}
    dev: true

  /ipaddr.js@2.1.0:
    resolution: {integrity: sha512-LlbxQ7xKzfBusov6UMi4MFpEg0m+mAm9xyNGEduwXMEDuf4WfzB/RZwMVYEd7IKGvh4IUkEXYxtAVu9T3OelJQ==}
    engines: {node: '>= 10'}
    dev: true

  /is-ip@3.1.0:
    resolution: {integrity: sha512-35vd5necO7IitFPjd/YBeqwWnyDWbuLH9ZXQdMfDA8TEo7pv5X8yfrvVO3xbJbLUlERCMvf6X0hTUamQxCYJ9Q==}
    engines: {node: '>=8'}
    dependencies:
      ip-regex: 4.3.0
    dev: true

  /is-stream@2.0.1:
    resolution: {integrity: sha512-hFoiJiTl63nn+kstHGBtewWSKnQLpyb155KHheA1l39uvtO9nWIop1p3udqPcUd/xbF1VLMO4n7OI6p7RbngDg==}
    engines: {node: '>=8'}
    dev: true

  /isexe@2.0.0:
    resolution: {integrity: sha512-RHxMLp9lnKHGHRng9QFhRCMbYAcVpn69smSGcq3f36xjgVVWThj4qqLbTLlq7Ssj8B+fIQ1EuCEGI2lKsyQeIw==}
    dev: true

  /merge-stream@2.0.0:
    resolution: {integrity: sha512-abv/qOcuPfk3URPfDzmZU1LKmuw8kT+0nIHvKrKgFrwifol/doWcdA4ZqsWQ8ENrFKkd67Mfpo/LovbIUsbt3w==}
    dev: true

  /mimic-fn@2.1.0:
    resolution: {integrity: sha512-OqbOk5oEQeAZ8WXWydlu9HJjz9WVdEIvamMCcXmuqUYjTknH/sqsWvhQ3vgwKFRR1HpjvNBKQ37nbJgYzGqGcg==}
    engines: {node: '>=6'}
    dev: true

  /nanoid@3.3.7:
    resolution: {integrity: sha512-eSRppjcPIatRIMC1U6UngP8XFcz8MQWGQdt1MTBQ7NaAmvXDfvNxbvWV3x2y6CdEUciCSsDHDQZbhYaB8QEo2g==}
    engines: {node: ^10 || ^12 || ^13.7 || ^14 || >=15.0.1}
    hasBin: true
    dev: true

  /npm-run-path@4.0.1:
    resolution: {integrity: sha512-S48WzZW777zhNIrn7gxOlISNAqi9ZC/uQFnRdbeIHhZhCA6UqpkOT8T1G7BvfdgP4Er8gF4sUbaS0i7QvIfCWw==}
    engines: {node: '>=8'}
    dependencies:
      path-key: 3.1.1
    dev: true

  /onetime@5.1.2:
    resolution: {integrity: sha512-kbpaSSGJTWdAY5KPVeMOKXSrPtr8C8C7wodJbcsd51jRnmD+GZu8Y0VoU6Dm5Z4vWr0Ig/1NKuWRKf7j5aaYSg==}
    engines: {node: '>=6'}
    dependencies:
      mimic-fn: 2.1.0
    dev: true

  /p-event@4.2.0:
    resolution: {integrity: sha512-KXatOjCRXXkSePPb1Nbi0p0m+gQAwdlbhi4wQKJPI1HsMQS9g+Sqp2o+QHziPr7eYJyOZet836KoHEVM1mwOrQ==}
    engines: {node: '>=8'}
    dependencies:
      p-timeout: 3.2.0
    dev: true

  /p-finally@1.0.0:
    resolution: {integrity: sha512-LICb2p9CB7FS+0eR1oqWnHhp0FljGLZCWBE9aix0Uye9W8LTQPwMTYVGWQWIw9RdQiDg4+epXQODwIYJtSJaow==}
    engines: {node: '>=4'}
    dev: true

  /p-timeout@3.2.0:
    resolution: {integrity: sha512-rhIwUycgwwKcP9yTOOFK/AKsAopjjCakVqLHePO3CC6Mir1Z99xT+R63jZxAT5lFZLa2inS5h+ZS2GvR99/FBg==}
    engines: {node: '>=8'}
    dependencies:
      p-finally: 1.0.0
    dev: true

  /path-key@3.1.1:
    resolution: {integrity: sha512-ojmeN0qd+y0jszEtoY48r0Peq5dwMEkIlCOu6Q5f41lfkswXuKtYrhgoTpLnyIcHm24Uhqx+5Tqm2InSwLhE6Q==}
    engines: {node: '>=8'}
    dev: true

  /picocolors@1.0.0:
    resolution: {integrity: sha512-1fygroTLlHu66zi26VoTDv8yRgm0Fccecssto+MhsZ0D/DGW2sm8E8AjW7NU5VVTRt5GxbeZ5qBuJr+HyLYkjQ==}
    dev: true

  /postcss@8.4.38:
    resolution: {integrity: sha512-Wglpdk03BSfXkHoQa3b/oulrotAkwrlLDRSOb9D0bN86FdRyE9lppSp33aHNPgBa0JKCoB+drFLZkQoRRYae5A==}
    engines: {node: ^10 || ^12 || >=14}
    dependencies:
      nanoid: 3.3.7
      picocolors: 1.0.0
      source-map-js: 1.2.0
    dev: true

  /rollup@4.14.0:
    resolution: {integrity: sha512-Qe7w62TyawbDzB4yt32R0+AbIo6m1/sqO7UPzFS8Z/ksL5mrfhA0v4CavfdmFav3D+ub4QeAgsGEe84DoWe/nQ==}
    engines: {node: '>=18.0.0', npm: '>=8.0.0'}
    hasBin: true
    dependencies:
      '@types/estree': 1.0.5
    optionalDependencies:
      '@rollup/rollup-android-arm-eabi': 4.14.0
      '@rollup/rollup-android-arm64': 4.14.0
      '@rollup/rollup-darwin-arm64': 4.14.0
      '@rollup/rollup-darwin-x64': 4.14.0
      '@rollup/rollup-linux-arm-gnueabihf': 4.14.0
      '@rollup/rollup-linux-arm64-gnu': 4.14.0
      '@rollup/rollup-linux-arm64-musl': 4.14.0
      '@rollup/rollup-linux-powerpc64le-gnu': 4.14.0
      '@rollup/rollup-linux-riscv64-gnu': 4.14.0
      '@rollup/rollup-linux-s390x-gnu': 4.14.0
      '@rollup/rollup-linux-x64-gnu': 4.14.0
      '@rollup/rollup-linux-x64-musl': 4.14.0
      '@rollup/rollup-win32-arm64-msvc': 4.14.0
      '@rollup/rollup-win32-ia32-msvc': 4.14.0
      '@rollup/rollup-win32-x64-msvc': 4.14.0
      fsevents: 2.3.3
    dev: true

  /shebang-command@2.0.0:
    resolution: {integrity: sha512-kHxr2zZpYtdmrN1qDjrrX/Z1rR1kG8Dx+gkpK1G4eXmvXswmcE1hTWBWYUzlraYw1/yZp6YuDY77YtvbN0dmDA==}
    engines: {node: '>=8'}
    dependencies:
      shebang-regex: 3.0.0
    dev: true

  /shebang-regex@3.0.0:
    resolution: {integrity: sha512-7++dFhtcx3353uBaq8DDR4NuxBetBzC7ZQOhmTQInHEd6bSrXdiEyzCvG07Z44UYdLShWUyXt5M/yhz8ekcb1A==}
    engines: {node: '>=8'}
    dev: true

  /signal-exit@3.0.7:
    resolution: {integrity: sha512-wnD2ZE+l+SPC/uoS0vXeE9L1+0wuaMqKlfz9AMUo38JsyLSBWSFcHR1Rri62LZc12vLr1gb3jl7iwQhgwpAbGQ==}
    dev: true

  /source-map-js@1.2.0:
    resolution: {integrity: sha512-itJW8lvSA0TXEphiRoawsCksnlf8SyvmFzIhltqAHluXd88pkCd+cXJVHTDwdCr0IzwptSm035IHQktUu1QUMg==}
    engines: {node: '>=0.10.0'}
    dev: true

  /strip-final-newline@2.0.0:
    resolution: {integrity: sha512-BrpvfNAE3dcvq7ll3xVumzjKjZQ5tI1sEUIKr3Uoks0XUl45St3FlatVqef9prk4jRDzhW6WZg+3bk93y6pLjA==}
    engines: {node: '>=6'}
    dev: true

  /typescript@5.4.4:
    resolution: {integrity: sha512-dGE2Vv8cpVvw28v8HCPqyb08EzbBURxDpuhJvTrusShUfGnhHBafDsLdS1EhhxyL6BJQE+2cT3dDPAv+MQ6oLw==}
    engines: {node: '>=14.17'}
    hasBin: true
    dev: true

  /vite@5.2.8:
    resolution: {integrity: sha512-OyZR+c1CE8yeHw5V5t59aXsUPPVTHMDjEZz8MgguLL/Q7NblxhZUlTu9xSPqlsUO/y+X7dlU05jdhvyycD55DA==}
    engines: {node: ^18.0.0 || >=20.0.0}
    hasBin: true
    peerDependencies:
      '@types/node': ^18.0.0 || >=20.0.0
      less: '*'
      lightningcss: ^1.21.0
      sass: '*'
      stylus: '*'
      sugarss: '*'
      terser: ^5.4.0
    peerDependenciesMeta:
      '@types/node':
        optional: true
      less:
        optional: true
      lightningcss:
        optional: true
      sass:
        optional: true
      stylus:
        optional: true
      sugarss:
        optional: true
      terser:
        optional: true
    dependencies:
      esbuild: 0.20.2
      postcss: 8.4.38
      rollup: 4.14.0
    optionalDependencies:
      fsevents: 2.3.3
    dev: true

  /which@2.0.2:
    resolution: {integrity: sha512-BLI3Tl1TW3Pvl70l3yq3Y64i+awpwXqsGBYWkkqMtnbXgrMD+yj7rhW0kuEDxzJaYXGjEW5ogapKNMEKNMjibA==}
    engines: {node: '>= 8'}
    hasBin: true
    dependencies:
      isexe: 2.0.0
    dev: true
